
Microsoft Visual Studio Solution File, Format Version 12.00
# Visual Studio Version 17
VisualStudioVersion = 17.11.35327.3
MinimumVisualStudioVersion = 10.0.40219.1
Project("{888888A0-9F3D-457C-B088-3A5042F75D52}") = "russian_factory", "russian_factory.pyproj", "{570A4C68-DA65-4BB1-A0B8-A07D849097A6}"
EndProject
Global
	GlobalSection(SolutionConfigurationPlatforms) = preSolution
		Debug|Any CPU = Debug|Any CPU
		Release|Any CPU = Release|Any CPU
	EndGlobalSection
	GlobalSection(ProjectConfigurationPlatforms) = postSolution
		{570A4C68-DA65-4BB1-A0B8-A07D849097A6}.Debug|Any CPU.ActiveCfg = Debug|Any CPU
		{570A4C68-DA65-4BB1-A0B8-A07D849097A6}.Release|Any CPU.ActiveCfg = Release|Any CPU
	EndGlobalSection
	GlobalSection(SolutionProperties) = preSolution
		HideSolutionNode = FALSE
	EndGlobalSection
	GlobalSection(ExtensibilityGlobals) = postSolution
		SolutionGuid = {F6795631-023C-449B-AB58-75756157F544}
	EndGlobalSection
EndGlobal
